
Microsoft Visual Studio Solution File, Format Version 12.00
# Visual Studio Version 17
VisualStudioVersion = 17.14.36212.18 d17.14
MinimumVisualStudioVersion = 10.0.40219.1
Project("{FAE04EC0-301F-11D3-BF4B-00C04F79EFBC}") = "FacturacionWebApi", "FacturacionWebApi\FacturacionWebApi.csproj", "{47A6E567-9A7E-44EF-849F-F21F4EF21F5F}"
EndProject
Project("{FAE04EC0-301F-11D3-BF4B-00C04F79EFBC}") = "Facturacion", "..\..\FacturacionBack\Facturacion\Facturacion.csproj", "{E332975B-0DC0-8E7D-BA31-A0B12749E475}"
EndProject
Global
	GlobalSection(SolutionConfigurationPlatforms) = preSolution
		Debug|Any CPU = Debug|Any CPU
		Release|Any CPU = Release|Any CPU
	EndGlobalSection
	GlobalSection(ProjectConfigurationPlatforms) = postSolution
		{47A6E567-9A7E-44EF-849F-F21F4EF21F5F}.Debug|Any CPU.ActiveCfg = Debug|Any CPU
		{47A6E567-9A7E-44EF-849F-F21F4EF21F5F}.Debug|Any CPU.Build.0 = Debug|Any CPU
		{47A6E567-9A7E-44EF-849F-F21F4EF21F5F}.Release|Any CPU.ActiveCfg = Release|Any CPU
		{47A6E567-9A7E-44EF-849F-F21F4EF21F5F}.Release|Any CPU.Build.0 = Release|Any CPU
		{E332975B-0DC0-8E7D-BA31-A0B12749E475}.Debug|Any CPU.ActiveCfg = Debug|Any CPU
		{E332975B-0DC0-8E7D-BA31-A0B12749E475}.Debug|Any CPU.Build.0 = Debug|Any CPU
		{E332975B-0DC0-8E7D-BA31-A0B12749E475}.Release|Any CPU.ActiveCfg = Release|Any CPU
		{E332975B-0DC0-8E7D-BA31-A0B12749E475}.Release|Any CPU.Build.0 = Release|Any CPU
	EndGlobalSection
	GlobalSection(SolutionProperties) = preSolution
		HideSolutionNode = FALSE
	EndGlobalSection
	GlobalSection(ExtensibilityGlobals) = postSolution
		SolutionGuid = {19096CDE-77C0-4C6B-AF8D-B9DB91C2EEB6}
	EndGlobalSection
EndGlobal
