
Microsoft Visual Studio Solution File, Format Version 12.00
# Visual Studio Version 17
VisualStudioVersion = 17.14.36212.18 d17.14
MinimumVisualStudioVersion = 10.0.40219.1
Project("{FAE04EC0-301F-11D3-BF4B-00C04F79EFBC}") = "WebApi-II", "WebApi-II\WebApi-II.csproj", "{1F7FE03E-45F3-44F2-948F-F817AFBF5430}"
EndProject
Global
	GlobalSection(SolutionConfigurationPlatforms) = preSolution
		Debug|Any CPU = Debug|Any CPU
		Release|Any CPU = Release|Any CPU
	EndGlobalSection
	GlobalSection(ProjectConfigurationPlatforms) = postSolution
		{1F7FE03E-45F3-44F2-948F-F817AFBF5430}.Debug|Any CPU.ActiveCfg = Debug|Any CPU
		{1F7FE03E-45F3-44F2-948F-F817AFBF5430}.Debug|Any CPU.Build.0 = Debug|Any CPU
		{1F7FE03E-45F3-44F2-948F-F817AFBF5430}.Release|Any CPU.ActiveCfg = Release|Any CPU
		{1F7FE03E-45F3-44F2-948F-F817AFBF5430}.Release|Any CPU.Build.0 = Release|Any CPU
	EndGlobalSection
	GlobalSection(SolutionProperties) = preSolution
		HideSolutionNode = FALSE
	EndGlobalSection
	GlobalSection(ExtensibilityGlobals) = postSolution
		SolutionGuid = {2384BFA4-DF22-402D-8878-767A6053213C}
	EndGlobalSection
EndGlobal
